
Microsoft Visual Studio Solution File, Format Version 12.00
# Visual Studio Version 17
VisualStudioVersion = 17.7.34009.444
MinimumVisualStudioVersion = 10.0.40219.1
Project("{FAE04EC0-301F-11D3-BF4B-00C04F79EFBC}") = "TServicesDB", "TServicesDB\TServicesDB.csproj", "{A9F5C5B4-57DB-428E-81A2-B96AB2109CFE}"
EndProject
Global
	GlobalSection(SolutionConfigurationPlatforms) = preSolution
		Debug|Any CPU = Debug|Any CPU
		Release|Any CPU = Release|Any CPU
	EndGlobalSection
	GlobalSection(ProjectConfigurationPlatforms) = postSolution
		{A9F5C5B4-57DB-428E-81A2-B96AB2109CFE}.Debug|Any CPU.ActiveCfg = Debug|Any CPU
		{A9F5C5B4-57DB-428E-81A2-B96AB2109CFE}.Debug|Any CPU.Build.0 = Debug|Any CPU
		{A9F5C5B4-57DB-428E-81A2-B96AB2109CFE}.Release|Any CPU.ActiveCfg = Release|Any CPU
		{A9F5C5B4-57DB-428E-81A2-B96AB2109CFE}.Release|Any CPU.Build.0 = Release|Any CPU
	EndGlobalSection
	GlobalSection(SolutionProperties) = preSolution
		HideSolutionNode = FALSE
	EndGlobalSection
	GlobalSection(ExtensibilityGlobals) = postSolution
		SolutionGuid = {DD7F3422-C033-4EAF-A79A-415D838A7200}
	EndGlobalSection
EndGlobal
